
Microsoft Visual Studio Solution File, Format Version 12.00
# Visual Studio Version 16
VisualStudioVersion = 16.0.30011.22
MinimumVisualStudioVersion = 10.0.40219.1
Project("{2150E333-8FDC-42A3-9474-1A3956D46DE8}") = "example", "example", "{5946D468-6781-44BF-8E03-013AF7A99964}"
EndProject
Project("{9A19103F-16F7-4668-BE54-9A1E7A4F7556}") = "NetGear.Core", "src\NetGear.Core\NetGear.Core.csproj", "{0DC67E14-D9EB-4E67-8EAF-F692AE28F1BA}"
EndProject
Project("{9A19103F-16F7-4668-BE54-9A1E7A4F7556}") = "ReverseServer", "example\ReverseServer\ReverseServer.csproj", "{30C40599-68BA-4930-BDEA-FB84BDEA80D8}"
EndProject
Project("{9A19103F-16F7-4668-BE54-9A1E7A4F7556}") = "ReverseClient", "example\ReverseClient\ReverseClient.csproj", "{136982A0-866C-4C85-80BE-03A2B4E9B818}"
EndProject
Project("{9A19103F-16F7-4668-BE54-9A1E7A4F7556}") = "NetGear.Libuv", "src\NetGear.Libuv\NetGear.Libuv.csproj", "{AB9C1450-AC79-46A3-AFD3-D941EB53A028}"
EndProject
Project("{FAE04EC0-301F-11D3-BF4B-00C04F79EFBC}") = "NetGear.Pipelines", "src\NetGear.Pipelines\NetGear.Pipelines.csproj", "{987D48EE-252B-4D02-ADD9-D3D78C6E76E0}"
EndProject
Project("{FAE04EC0-301F-11D3-BF4B-00C04F79EFBC}") = "ReverseClient.Libuv", "example\ReverseClient.Libuv\ReverseClient.Libuv.csproj", "{8467E414-277E-4303-B8A8-21A9F89379C2}"
EndProject
Project("{FAE04EC0-301F-11D3-BF4B-00C04F79EFBC}") = "ReverseServer.Libuv", "example\ReverseServer.Libuv\ReverseServer.Libuv.csproj", "{606EE773-3E3B-42A6-A074-4D71C87E3ED8}"
EndProject
Global
	GlobalSection(SolutionConfigurationPlatforms) = preSolution
		Debug|Any CPU = Debug|Any CPU
		Release|Any CPU = Release|Any CPU
	EndGlobalSection
	GlobalSection(ProjectConfigurationPlatforms) = postSolution
		{0DC67E14-D9EB-4E67-8EAF-F692AE28F1BA}.Debug|Any CPU.ActiveCfg = Debug|Any CPU
		{0DC67E14-D9EB-4E67-8EAF-F692AE28F1BA}.Debug|Any CPU.Build.0 = Debug|Any CPU
		{0DC67E14-D9EB-4E67-8EAF-F692AE28F1BA}.Release|Any CPU.ActiveCfg = Release|Any CPU
		{0DC67E14-D9EB-4E67-8EAF-F692AE28F1BA}.Release|Any CPU.Build.0 = Release|Any CPU
		{30C40599-68BA-4930-BDEA-FB84BDEA80D8}.Debug|Any CPU.ActiveCfg = Debug|Any CPU
		{30C40599-68BA-4930-BDEA-FB84BDEA80D8}.Debug|Any CPU.Build.0 = Debug|Any CPU
		{30C40599-68BA-4930-BDEA-FB84BDEA80D8}.Release|Any CPU.ActiveCfg = Release|Any CPU
		{30C40599-68BA-4930-BDEA-FB84BDEA80D8}.Release|Any CPU.Build.0 = Release|Any CPU
		{136982A0-866C-4C85-80BE-03A2B4E9B818}.Debug|Any CPU.ActiveCfg = Debug|Any CPU
		{136982A0-866C-4C85-80BE-03A2B4E9B818}.Debug|Any CPU.Build.0 = Debug|Any CPU
		{136982A0-866C-4C85-80BE-03A2B4E9B818}.Release|Any CPU.ActiveCfg = Release|Any CPU
		{136982A0-866C-4C85-80BE-03A2B4E9B818}.Release|Any CPU.Build.0 = Release|Any CPU
		{AB9C1450-AC79-46A3-AFD3-D941EB53A028}.Debug|Any CPU.ActiveCfg = Debug|Any CPU
		{AB9C1450-AC79-46A3-AFD3-D941EB53A028}.Debug|Any CPU.Build.0 = Debug|Any CPU
		{AB9C1450-AC79-46A3-AFD3-D941EB53A028}.Release|Any CPU.ActiveCfg = Release|Any CPU
		{AB9C1450-AC79-46A3-AFD3-D941EB53A028}.Release|Any CPU.Build.0 = Release|Any CPU
		{987D48EE-252B-4D02-ADD9-D3D78C6E76E0}.Debug|Any CPU.ActiveCfg = Debug|Any CPU
		{987D48EE-252B-4D02-ADD9-D3D78C6E76E0}.Debug|Any CPU.Build.0 = Debug|Any CPU
		{987D48EE-252B-4D02-ADD9-D3D78C6E76E0}.Release|Any CPU.ActiveCfg = Release|Any CPU
		{987D48EE-252B-4D02-ADD9-D3D78C6E76E0}.Release|Any CPU.Build.0 = Release|Any CPU
		{8467E414-277E-4303-B8A8-21A9F89379C2}.Debug|Any CPU.ActiveCfg = Debug|Any CPU
		{8467E414-277E-4303-B8A8-21A9F89379C2}.Debug|Any CPU.Build.0 = Debug|Any CPU
		{8467E414-277E-4303-B8A8-21A9F89379C2}.Release|Any CPU.ActiveCfg = Release|Any CPU
		{8467E414-277E-4303-B8A8-21A9F89379C2}.Release|Any CPU.Build.0 = Release|Any CPU
		{606EE773-3E3B-42A6-A074-4D71C87E3ED8}.Debug|Any CPU.ActiveCfg = Debug|Any CPU
		{606EE773-3E3B-42A6-A074-4D71C87E3ED8}.Debug|Any CPU.Build.0 = Debug|Any CPU
		{606EE773-3E3B-42A6-A074-4D71C87E3ED8}.Release|Any CPU.ActiveCfg = Release|Any CPU
		{606EE773-3E3B-42A6-A074-4D71C87E3ED8}.Release|Any CPU.Build.0 = Release|Any CPU
	EndGlobalSection
	GlobalSection(SolutionProperties) = preSolution
		HideSolutionNode = FALSE
	EndGlobalSection
	GlobalSection(NestedProjects) = preSolution
		{30C40599-68BA-4930-BDEA-FB84BDEA80D8} = {5946D468-6781-44BF-8E03-013AF7A99964}
		{136982A0-866C-4C85-80BE-03A2B4E9B818} = {5946D468-6781-44BF-8E03-013AF7A99964}
		{8467E414-277E-4303-B8A8-21A9F89379C2} = {5946D468-6781-44BF-8E03-013AF7A99964}
		{606EE773-3E3B-42A6-A074-4D71C87E3ED8} = {5946D468-6781-44BF-8E03-013AF7A99964}
	EndGlobalSection
	GlobalSection(ExtensibilityGlobals) = postSolution
		SolutionGuid = {C105F442-FBBE-43CE-8751-A9F49A2138FC}
	EndGlobalSection
EndGlobal
